
Microsoft Visual Studio Solution File, Format Version 12.00
# Visual Studio Version 17
VisualStudioVersion = 17.11.35312.102
MinimumVisualStudioVersion = 10.0.40219.1
Project("{FAE04EC0-301F-11D3-BF4B-00C04F79EFBC}") = "rowea3WebAPI", "rowea3WebAPI.csproj", "{3FD541D1-9522-4C42-BE14-B6A5CD02E386}"
EndProject
Global
	GlobalSection(SolutionConfigurationPlatforms) = preSolution
		Debug|Any CPU = Debug|Any CPU
		Release|Any CPU = Release|Any CPU
	EndGlobalSection
	GlobalSection(ProjectConfigurationPlatforms) = postSolution
		{3FD541D1-9522-4C42-BE14-B6A5CD02E386}.Debug|Any CPU.ActiveCfg = Debug|Any CPU
		{3FD541D1-9522-4C42-BE14-B6A5CD02E386}.Debug|Any CPU.Build.0 = Debug|Any CPU
		{3FD541D1-9522-4C42-BE14-B6A5CD02E386}.Release|Any CPU.ActiveCfg = Release|Any CPU
		{3FD541D1-9522-4C42-BE14-B6A5CD02E386}.Release|Any CPU.Build.0 = Release|Any CPU
	EndGlobalSection
	GlobalSection(SolutionProperties) = preSolution
		HideSolutionNode = FALSE
	EndGlobalSection
	GlobalSection(ExtensibilityGlobals) = postSolution
		SolutionGuid = {2B60AAB6-416C-4E63-819C-9B5CA94FA10B}
	EndGlobalSection
EndGlobal
